
Microsoft Visual Studio Solution File, Format Version 12.00
# Visual Studio Version 16
VisualStudioVersion = 16.0.30225.117
MinimumVisualStudioVersion = 10.0.40219.1
Project("{FAE04EC0-301F-11D3-BF4B-00C04F79EFBC}") = "ProbaModulzaro", "ProbaModulzaro\ProbaModulzaro.csproj", "{A607638A-52AC-444C-A1A0-323C6CD2CC74}"
EndProject
Global
	GlobalSection(SolutionConfigurationPlatforms) = preSolution
		Debug|Any CPU = Debug|Any CPU
		Release|Any CPU = Release|Any CPU
	EndGlobalSection
	GlobalSection(ProjectConfigurationPlatforms) = postSolution
		{A607638A-52AC-444C-A1A0-323C6CD2CC74}.Debug|Any CPU.ActiveCfg = Debug|Any CPU
		{A607638A-52AC-444C-A1A0-323C6CD2CC74}.Debug|Any CPU.Build.0 = Debug|Any CPU
		{A607638A-52AC-444C-A1A0-323C6CD2CC74}.Release|Any CPU.ActiveCfg = Release|Any CPU
		{A607638A-52AC-444C-A1A0-323C6CD2CC74}.Release|Any CPU.Build.0 = Release|Any CPU
	EndGlobalSection
	GlobalSection(SolutionProperties) = preSolution
		HideSolutionNode = FALSE
	EndGlobalSection
	GlobalSection(ExtensibilityGlobals) = postSolution
		SolutionGuid = {491E6635-2A9E-4831-829A-ECFA2C6A8DAF}
	EndGlobalSection
EndGlobal
